
Microsoft Visual Studio Solution File, Format Version 12.00
# Visual Studio Version 16
VisualStudioVersion = 16.0.29920.165
MinimumVisualStudioVersion = 10.0.40219.1
Project("{FAE04EC0-301F-11D3-BF4B-00C04F79EFBC}") = "StaticFilesUse", "StaticFilesUse.csproj", "{832589D2-A460-4BEB-A634-B77728970A17}"
EndProject
Global
	GlobalSection(SolutionConfigurationPlatforms) = preSolution
		Debug|Any CPU = Debug|Any CPU
		Release|Any CPU = Release|Any CPU
	EndGlobalSection
	GlobalSection(ProjectConfigurationPlatforms) = postSolution
		{832589D2-A460-4BEB-A634-B77728970A17}.Debug|Any CPU.ActiveCfg = Debug|Any CPU
		{832589D2-A460-4BEB-A634-B77728970A17}.Debug|Any CPU.Build.0 = Debug|Any CPU
		{832589D2-A460-4BEB-A634-B77728970A17}.Release|Any CPU.ActiveCfg = Release|Any CPU
		{832589D2-A460-4BEB-A634-B77728970A17}.Release|Any CPU.Build.0 = Release|Any CPU
	EndGlobalSection
	GlobalSection(SolutionProperties) = preSolution
		HideSolutionNode = FALSE
	EndGlobalSection
	GlobalSection(ExtensibilityGlobals) = postSolution
		SolutionGuid = {A03379DB-D306-41D1-84CB-AEE9E12591D0}
	EndGlobalSection
EndGlobal
