
Microsoft Visual Studio Solution File, Format Version 12.00
# Visual Studio Version 16
VisualStudioVersion = 16.0.29920.165
MinimumVisualStudioVersion = 10.0.40219.1
Project("{FAE04EC0-301F-11D3-BF4B-00C04F79EFBC}") = "ConfiguringEnvironmetVariables", "ConfiguringEnvironmetVariables.csproj", "{01141102-55FD-45B8-834B-02AA5704CFE9}"
EndProject
Global
	GlobalSection(SolutionConfigurationPlatforms) = preSolution
		Debug|Any CPU = Debug|Any CPU
		Release|Any CPU = Release|Any CPU
	EndGlobalSection
	GlobalSection(ProjectConfigurationPlatforms) = postSolution
		{01141102-55FD-45B8-834B-02AA5704CFE9}.Debug|Any CPU.ActiveCfg = Debug|Any CPU
		{01141102-55FD-45B8-834B-02AA5704CFE9}.Debug|Any CPU.Build.0 = Debug|Any CPU
		{01141102-55FD-45B8-834B-02AA5704CFE9}.Release|Any CPU.ActiveCfg = Release|Any CPU
		{01141102-55FD-45B8-834B-02AA5704CFE9}.Release|Any CPU.Build.0 = Release|Any CPU
	EndGlobalSection
	GlobalSection(SolutionProperties) = preSolution
		HideSolutionNode = FALSE
	EndGlobalSection
	GlobalSection(ExtensibilityGlobals) = postSolution
		SolutionGuid = {44EEDA21-A0F7-4C2C-ACC0-F2E92D98069F}
	EndGlobalSection
EndGlobal
