
Microsoft Visual Studio Solution File, Format Version 12.00
# Visual Studio Version 16
VisualStudioVersion = 16.0.29920.165
MinimumVisualStudioVersion = 10.0.40219.1
Project("{FAE04EC0-301F-11D3-BF4B-00C04F79EFBC}") = "SetupMVCwithExEmployeeManagement", "SetupMVCwithExEmployeeManagement.csproj", "{FB3E4BC5-E316-4D2D-A6C7-9BF40419E22D}"
EndProject
Global
	GlobalSection(SolutionConfigurationPlatforms) = preSolution
		Debug|Any CPU = Debug|Any CPU
		Release|Any CPU = Release|Any CPU
	EndGlobalSection
	GlobalSection(ProjectConfigurationPlatforms) = postSolution
		{FB3E4BC5-E316-4D2D-A6C7-9BF40419E22D}.Debug|Any CPU.ActiveCfg = Debug|Any CPU
		{FB3E4BC5-E316-4D2D-A6C7-9BF40419E22D}.Debug|Any CPU.Build.0 = Debug|Any CPU
		{FB3E4BC5-E316-4D2D-A6C7-9BF40419E22D}.Release|Any CPU.ActiveCfg = Release|Any CPU
		{FB3E4BC5-E316-4D2D-A6C7-9BF40419E22D}.Release|Any CPU.Build.0 = Release|Any CPU
	EndGlobalSection
	GlobalSection(SolutionProperties) = preSolution
		HideSolutionNode = FALSE
	EndGlobalSection
	GlobalSection(ExtensibilityGlobals) = postSolution
		SolutionGuid = {EC924A9B-3491-40CE-B3E2-F7C77E8D6F7A}
	EndGlobalSection
EndGlobal
